Uf5DAAAKG9Ri0ZZPdpoF2ct9JL3IQnsAj4ulGgkLmjlKMD0KPrbZQKexIaFFYcJk0ayizeGUslyEqXbKkSGPAkBw2LE+eHTpdXqP8dQpWJxvfwrx2tkUQ6J0v/LfMnQTv6kUyTKUarlacTIbfMUxOyoyV2CauaaBUZCl4DTjn4uZXTb96P6VcrXdplOUscKQnGpTRH+anAPrHyeUlIaYAxpycqMW/PAeqh1NdKphA+pwIrTKQ7WMq4Ri9/e6yUJTKjx3wqVdyeyH8A2W6mKFoLMh0gcG+t59BW60lsPdAIax1MHjhrELDjtBQYr+x67IUtyZreFEvZxVC2v7Al9FfpPKt92Pcm6xWAp86bO9CeHfTYG/AtHACHFn21x/9Mn0dQxUNxfdopKgskJIsxEry1x8/tSVKvRHCKGmpvDxKoMfGXaGzxGaAeMYoYqzMLgF6uiG7CIH8dcOQ5YCdbM6L4FCsyjWmf5JyDmZlf7uMUk3WssiQr7SeG6YZMxEr61Wa6gsILktkeMxPqNfjmFMsk+rMr7v9P2Fzy8nBHgihmOBI+1+yKcXGG87oPlUygI+6QukN4lSiivtiVMLOTgUl5wsEfnG7jNaqGU2CplXX3idHubMugmDDuMp2Ey4tb45g9/Xo+2qgVpmxe5qzgJECE9R9kztL7aKM1M3zQ14RMtxZ8QBqQRpsY2IC8ZRTM/2yEODcIffUT49YRDoQVQqm1GCgfi7A1cdnVJ9p8N2p6+m2cYgYldZT6ZJFFpc9gc9wjBqVn5PvlPWcxG0JPT8RmUPGTYVoMNuFfnCT0wJ0nr3ZcNO8PusKhzku7rBTIaEDooM0MZv334agGpRg7iJq0Q5sB+s0BNSh6dtYojRCnBQnvYyaQ3xS0WG4EPhFZkzjfTSkYzCxLPcAr9vnas2XCHwtZu8ze1Wiex1H5sjGAyQiYHYA7XDer9MRi97KCNIzSCD3hqsNulU6vHcfvIW5OHNeo6RGCJi4KIjBAq2B33sb/FPTG/XfMhMh/kl/timTLxHZKsRRSCzYlA2Z46DVoeXoGcX+Pk8QSzXNdTq/E0/ewAsp4yNizVCOBIWMcCrEX1+XvmxVc+PPaJKMr//LZzXp3I8JPov4S3+12NQ+Enjh1EpIutXQdiTj227dHgZ0bJXP0mv3fbQ13BlGBlgdPH/h/h1HUPR88FxyEjATN0YC8Rqlbq0T2LisQiG7Qf+ck4B7wvYYK9+w3tFSRf5m6FDIrBWXPzhnUScwli1eFYs6Sd2+M/F3p1fXLvR8pJZ9czcgU5CnsPk/EBQb/QxCUqOzRXTAEv9muJTQtyAWV/H9LcCcaTEEflOdCFj9KkCq81Wn62h3CodRcB7zc8dxJSIQs5i925GVUdbPYewmZYMTd6laa7idddAWfhhMFlETLFsZQqjDtiClHtvjrTPDa94xPThGRuy7S+IHvS139ihRhJX9sQFVpEt+bYCBtnDebtIJpUd8E92cam4Z3uBs37K0yhj8vzjC9l53oGRnnm9qELPo4NNaUkpGl/SdD52vb36ED74QcZu2qNW4My0/3Tpfnrcz94aQX7XDgGIilR9DpASZN9MNjXW+d3eXq1rqRj6zL5fc3nlgAxJ/ehtyltjM8SBm0hi8M04UCPTEFadjw1giEtFl2eXYn4q5KFIlpVMn/QV5rg9p/b3Jfz3axBASCj5Mo6xu4lY2WBOQYrYw6nsF1gyT/X6pXmidDMKT5qwFvlHZaCnJuCpUNVjX6d9dWwanG1CWLVqnLEp0CFBOeAq6c+GTwKprq7ee15YeLrSObWyi91QGvG3jsJTk4cO46C+I/8NKMSEhVWvGLpgsY78EaFlOqa8mdcsRCrEOEXU7U8BwNC9OEtN7HpxgKd1k2RaSt7/Sm7SU2a9KuT6U9Sl97NNBV6LCu/d4jNgpmvyFu0/14yzvLgLeBZ4vQ96yTcPGAURRdXWCk9t/R9sUuV1NIvCZWTn3Rwsinn4/jrJFu1UGsvHrPiBpFPJsBx8v+YiU62KCwtwtKEVR2IUsWYGsEtAdLhovL4hnBMccmQ2JBET6JZqr+QnhCumkqqSgQOEB/5hJo22od4CFjQUYYMX6nX/DOp61pn7hsxpbZAYwqOIBiqShWTP3wnhY2G76CaCef7+yL+G/VTKD3Ru3gLnjOoKyeL4nWvLZX0/L7Du7e3YVGEkARbm3pZu/iBha/1V7AdM1vR15gFS4tXF/mutwsY7jEynVR4rZgRJCvul2va+8I96zHSinawYAimwyA70DoInLB5Lo9Wsgu6UDydE8v7PZOCLXxJZnn9jJwB29EYg4LMNqfd0XobyjhW3z2pqOXW6298OfuBCCT2pTP+QgP/8YHqc/7Yb9LMIuWaXStj6zaNqO45Qgj1JEbfN2gDcwr1H43//osRa4Aw8NjlXKoB6FsK1n1ruKFwMyRV9y4CoQRybQBuxnYqY8fX9ymP+9pvpwrojX7lnsJGVk2IT8g+GX0ugUks2uBlArkt5BwhYPDvfqyYQ+joEiG0H1vBTckX3/p1dTL9F8iBQBCt0Hm6n55UMQAMkyMMVNWvib2gga/SaSQo8XExTEzzWds4JSGmOOsE0FH0FhUNd1k4eBb11hgWEpYpSss1+qDLXyLnFZjRY/LuL/thMQQMuTGOsMaux2ayDpVMUqcAdn1juxmCpTCE7BNxrbZBmyEauvzSY7N0dzG9T/mlGDKAccy/6ar+0CpZGRJc6PDP+ne/vmqwjMZgvW+RbonIOehroon7vBnQUy3/f41OZUoJd/q5LgVyMfNPDmMz9fm7BTFB4Qg1VgY9N+kSvQSn4DCGbObSyQrVTpvRxc+VponkwzFy3fRZn0l0WYVaiyeYgrx5MK+FmujANynGAR0vAGQrBmLez42eOAQONtBZKlSsz2MGAZT6oSfE/dZ5t3OHxdcxKzJymqHX/ekwWTOxA9Y2fRVfgeSXilr9Ywm+gx8ddOhG7SPIbB/2mKZ+Y/uo5I/POVGfrs6wXHcUvkDto/HjNoRlt3joSFV4iNPGt/Pczu08MDNwu6sylAjv3FMWnQOnkoLCPyF5FcAWrQTkeZPYrGGQVAVn925aNEyAqizjgLKq5BhmqLa9oSDFLXgEX3e07MEvC5v1+nPQikTNEWWg0vwbMDYQ4Yz35a6MAGI+BOM/hcKBz+sHzXb4Z6h0OCG3CLk0ahtyLVkaGLhmYR8UZ/5iEjob5OuxKuBxIZOrArdROFkOBdwaobsL9eCQInkXzw1brZel6vmBPIpdZV0xCe36gtSpacp4wSc3tQPVSbyZFcz5wmuKmoeo2JrAdWnBE9cChHi/+mdSa929WTxSph/ZLKteVeji4pY5CTlzXqe8qv7s+SVdRy4sglu5dgvWAGi2UF9aZBXz2m7dA+2NnmOMHbfde8U/vPJZKsjuj7bdThat3Wn3+qDMsFlYbfyQ3KAh2/cm9h4VGMjVkC9HXBOCQCyU8jrExvcM5GZ8KhauMyGmJWj3GysKHZQixFcssUZPlNSNEveQjYWe2o9/gRZrvxVd3viVb/TXotEQ+B0MnUat7xSXuWjqs/qNCsPb0Z+HAxVczO9N6wAFNKSNf7G/lKyvct6EZpkd5tdnSjZF07xLw7yqcthCSy03ouO4qL5sFrGJ3HWKqj3csgFvLQRzbsTnJbD9nfBdu53er/ErjB7GZPTaXS0GcZH1CSpkXj0XWOlUa7BgsW3OHCEi9+LOk6G4526ByCCPEOHJmeDmUqCdDbSgdAcGywHR/rJ1gpnb6KAmgohTFFL+Z2B9GejE+DODSeYIBlLp+spdV0HYBhc/EbW0xxNaGtxrAAvXLiotkrWmRM+PkYgn71jk/LSaAmuXQEj+sdFWdb0+cmHqa3/W/HZJ4nIIejedEsdx5P9CnJgLWJ4vjnDCYAzB+oCmVV7IHYf2GFbngjLblWss7zl+IRdwnh1iiHs0ihb+4aMU63JKxu8iepAP04ytB9FkOJpwcLG060ZY9D5XiPrN9/UkIma0utWNVJ3Ly0Cjtzv0EyTcj51q4Y8N7Q9sz9ahisiUCbSEPL+4SARREqtlPZky//E1ndUWpxdWBnWnwYumjhVgWV/XvgDR798SKZsxQd+bYL1gOFCoS4/kT2uLwAnrPXOFkisEvtij8YCGjwYT8KqQLnoWOZdpZLZFXBxKVJeFSGwNts2inxo3L/uNICtd8rveq6frIhuiZFyOZTGIeVdCDtNlfiB8+FE+HptMArIvf/9aNmOYcjK4M4hbri7PZt6iPnFlHQcXgo6hx6Qhm9fq7u1me4jgMmFQN8FvSXc74K4d2DNL7OA+NbVdHkAT/9OBq4wGQ+7ZpqTLI9yZoo6yikjQ5vhMMfghoSCI1aJJvtb2qFUAjEY+iW21TRwmDYp9QQVJ1adG7KdE5vCIz5EZ2rKXR0Vbd6cJJMOGGSRr3EHgejAgDYy1u2bxsf3ya+cI1ZbMoMjbgrhZILuYXL5tvvt0eH4zMZ9KEZeim3MtM9kkIyBaKSYoyLgXJQUoVpQkBWLos6+GtNhZatwxZt5sdFoo0w43TJCGb9OdGDvmWZ5POO2CdNoYyXck0YJMCvb1A+0WUl1K6y0+PB3lbM4I9SNafbc3NvDx9o90IRWzUG1Fj3+/lagBd7sD5ZYJxLY0l8J7ItjCbNI6IK4si9vkjN7QnxbJgtO9HnHt9PnrsRunWyReAICnuq/0zN2UvGQkZ9F0UWSuawrY8ix8+z9Rx21gXI8mLoymS3LFfzFQiisVOT7wrw7eL6w9t3f8bRlWBkj+b5DH1l1H1qEjPpjyk4kywEgJmMGTaF2WiQ4bDU8beGTzwWWGa70lwTjuTzKz2/YPod68Vt7OBX6U2J/oQ4uL4yFCjJzXcxVMt4AN2RS5h/mf9MJWIGLkyWAIv47UFqLuXDaC/zHcDF69tKwh6UzKmuuz69UHREJYv1dp8BwyeU1GnnLJrw7mHmy6PYHgRdgD4gIqjDuq5GNkIkhGWbIAoz9belaweFyzJRA+hhV+uBpNLUN1wvfIHsCSBKwo8cK6jvt7Ph3aCyymw9WFYpDkW8ZlRKulbvSoDoGUmZPCD+CKNVxLOAW3xzlMSvAteuCD3mjOXsymQ1WV2Ve53E9ftzW3VCkzheAKGpVt0VL56GXWC45T0BZW1syYswMEaI9EW5pXrmKKvUPbn0q3hQ+Cg9Soelwowkb02c+ZYMWogU6gKTQttZmYBuQ/GIeb80Z6bfMxMaFUpayV2Cu60s4wMUjTMEUSaZns64eLG6fgkLzw4R99rYJj48reT2ZcldU5Ii1y550ZzdXd216nvpxHjyzYYEOBZF9VwkvbyVJ91swQAXn7mU2lJKWIZyYI0LdMMrS7lE3U2KyxPj/YbfUUvGoauM919mxCMUL9JGmBsvTJD+KMGz3bNp0AxY3/HxWDHnHyE45LGS2JueFVAQlLUrF9KK9bLMdin7QAm5D7fohQ4yEfRVORg6OGirqR+lL8RNkQw4fNoU0jlW6rlL8/bdauoNE6/UEnlJvQJnTWh0xaELRVu/epSYTp1OXz2ICu3rcXCH0AxRdeifQzkiA5rBxmaJIMpMA1pKlbgayD8F7rmBzG+iSR7Y+SHWxvEvsN/jG6+E4K87bYJGVGZZaeMsSxE4ZY0k0QlQcrKrGE9kIAPmRox2KhRdhKK4VCxW4/hxZK1LTUOTBfmpI+vq6Qj8X81Vm2dTMnXvgwXWjssE9DoDAf40S+RPRXiThxX8N80VsZvFk/8go9OKkldlTet1yBH/lPQSfFzhxQUH4bRFAOyqaqLsfPGsebu7aZB3/esMBJcGXok/PRhqkfEZCv9huh9I0EG7NqXvZFEWC0kkt41G8pwaRPz7qV/qsSfk3amivgqMsCwzSgHaNrQKalbxSMaOM/WhjbN6fpkGFPXsw+tnt2vNhUsbLnyDxiBaRuryFWwhY4buMy65oCdBn+hHE2JIUjnNifB2fumzNiPsQ54szsIw2kTuGOQjfvKhkdK05InP5T+7C0+DB5+M3NFrhYXxx+yIgSReKxze9T3Cnv+qk/hpKPYdZf06c38E6jBAePRNdsCcFjBUOA+P3VcrxRvt3kf333jtBh1KnbvrjupYmHM2h0gQcAiaZY/y+Ze9Ugh9Sm4zaFqHLGLp/bQLoH337t2tvm1rjvJwzIC9Rk2GHQCnNjoxYuQAONAAmkGdyKmEQ+nu3ap6JmOEQrqmKMynSDP7zzj6UEu95yOPrTk9BP1cbRGnwru1NQMZ4xVXjYVlg8nUDAQIOWcc8f6Os9iyuuXwsKyoUzVGk47p8Rb78zHbdZS3lXPGcB/8hz9ijBqKOqe2ouFz/Q8eJzFtxT9EdNJp4IKdQpsV3XK/Wz2v7fJapcil4RJoWIrsYvE1yUNW1b1f1jJFcl3/Xdszf2P9aaEI4dlxv125XSSDQB/jvB6Kberg2VXadUxivQxWpLDEtPrDcW0FPPZq+rv6/nDNKJqPn5tNz1xlWVRQadMsZdXhEyMM7Vi3tCw5eGrHnLrd4Llo8lo/SIFyDb83VJRIVtJud+enQBqF5RGz9woh4AN1Vik2OKBFJxIzxz9HiGPMfmktyOttmN+bch7M0/cyYzx4+dPDyJqbSJ2niJs0GROl6TBmGueOUEA0Dv3H3THIRvLDa2SltYOq4xCB7XbLShhMe6hXKB6NIRrHh0KbGlZ4xwBOMpPiO7y7ZiDWQgR1S33BjUsrgv5oyJGaa3ThDXOhPKDo57uaK8PVbHIyjDgrEsfmhm2ExmUH3ZUJbzx/1ddpg/LLQOO/mlEwPTQsBklpId9cJjLJWZuaWI50w6CkPGUr9SyDsdOYGf1/jxcG/BVLrVO3+jmry92W7xfZ6vl6vyBL4+rGZXzNE2ZKsfd4hBFT9+9IKpPyQr2CpblL/6knuettikncw1GYWkKLrtcs/9rmw2IMymom5IIsApxPqGfTJkY0n8DqfNXpZzZBorf94eCBNFmaMBPOdfr4cWmjW2eTEsZ2aQ303HEjm3dmnvLeb6Q02sxJStSw1Iav6x7M+IArJ7zaxbWGxe3YRQvWsVW+IvWc2pSPZuej8RHl0ebgHWX+5JqxR4zAlJUWJlLoC27aN3GC0CoMqG5MLPW5Oj1esonVWm6rXtiy0wqWDoYuc+vdozDWwh+Oiq1jbGLDsRLQaQsebkvjzLlYLQBNazG7EuqI3g7yFm/Do+w9jBqSszKQ15fqsKrv742HhQuMgyJQljEdyi6WDinh2m5x8cm0dA4pZASsmnv0kvdNbuyBmo1GOaqYvZEJcUq406kgf1/Xy30xEYngpPoDZdpOFKNdWftraLR+wC7q3DakBE0x1iX/ErZrOpVXuQjGkeFVbpf4xFJ5BUC/mMgIivwuOIqA5m8g40HLXzfSQL+YbIsxEPg2qhD8fMw0+KPL4cFKGb/fEl05zSpmznmQf3j28I7bOphcZm1XrhIyGowfEzzaXFhnTgGpPj/AJIY9+Z8Fa6gccjy6T5Fpwc7XyHPLTMYukDMf0hczKddbXYfcA7Z5hkR7pmFzsou2H/idQr75Jy3tE06oJWAJucObqZ/yvlOi1Z5xitluG9oneVyel0FxQYdqIuHdbVvhxrAVAVWTqkxJkSAHGOKp2DMsI/Tmz/7GlI8NYyCP8xa3U74l6aobodH1KTFV22ZQswkbK1OW3j6v4F66fFjrKjnm5HJocL3/HWjTwDf8847+ewwx0KC/InuvWj3+9wAsXg5JzoOMMqX1otHuUO4SWVsCtPiJ31vzqhbGrAeXBjL6vm8L8msb0tD4mvjsYk9/LUfd6l0Kg/SUVCNNv2Za8vAAKnlAUJ/anZMHgQc8WN0uiLLbJEWYh+S7cs/B6SGrC/Cy/VmQ2wuRsGibXRwgdF+vbLHImldxSt5bncYZZN6usESnfwdroNs2yF2tK7iOf1qQup31NdmGuHrsloRpPlJreAqFqieGKQu458AUH7NTop9DFu3mTkJpcfT1CJxr8frR7cbiIfIWhVz1OBIYfg8czIG8QsBiHRS+fRlUaGphnRPIwd7q1EfAE+5ju7tRN9p5C/6c37yvqT5ca9XH0cnWQ6VaR52QDsg70+eMJbpNy1skogaj1LWhFqiHtiAnBHCx+uQ18ZVN3Rl8NYC2P8m+CIKcSvE5B027nGe8i/leCIemJ4FOBnhsNqiEcUXh6wEiB3E9/650UcmVupMdJO/5m7GIO7HpBPclye1PI50qBDqsHJzlYnXJI0c7F6fMpSzkq1Dn/XU4hSags35kp+S8F/Xv8MdOwfc+uXY4DdPvt81+NAGCJiiiRTry5a4vX5FDb8+ldRtvH7GakHMfKrwH2ZYKMdqm1lZO/b9+XZFSoN9FCo9niFyI91dzzh5B+ylw9UzHc4nQD6+fC9iv/eNS9R95N3kDwIKB9rJX2ll6MjVMicyqj4Oc71L9q2UBmJAYsSRoghVN2RripQCjmUR18xSul+yMNCppdPmwgqB5wrnhbwxgyptWYfrls5wt412fNf5L6fFWm0UAVPClprfXCYDMMqrD/a+eM355oyp8LsBQxuaap/PVtnG4ojAiTKIdbWCgWXpmZJ2nGaDG3KIj94miH3LniGLBvyrKtXbfujSYxsHCkk0wGSUKxTXo0f3aG62YuhVAIimpqdQkq4v4zc0XIYx+VKQpWxkgQ+HRDumyJOeMteABL8aQE8RLdQNQCd/SmTKyffdeVgKj/D8IEot0TAfc16cT/SS5jK6wnwgdmQX4dS7vWsB7w1F4wXHweoz0V+r7C98iqm2Pzl3/WIRkvmdJkoBCogbZ4FNkFHIrfGRBAeafECUaH8CCP7qQ3C1YWoJhPGdu0fsUBb6nX8cfkwywL0q9OLBJH5WMfrewNLct2YwN1MF0ZSJ5UcsYs5WANY2SISlCLI7SQkvcroFWxupW6TrNjFk4qsDxjUhKdwH54wcqTKRtoZhs9WBXlTk7ffDjNNcs2ondLXY6bbhZRH6V4mTRfbEqHffezN4SFU3og4r3Jn9lGxq1sA3z2h2Em3I7TsVZwsdn4L/g6f/TndNprOXpfy5YB5LN4eMYzDL3I4SceX9qHoTAyHzTFwBugOoKt0VDj5mHPR+R8B2Inh+oBB1KHPGHt462OG3qkYohCcVKwpe8AboRuDULaucSRRdF7uW6SKiZY2/JBtmAKazHa6K38lciICJqb9Rp6b+EnT5gFVki+1plc1Hx7UmGAyZKKE0t7W/u0RXm8z9j+nYX75ZJwyInUfeb8+GxEShzueqUTd5X3IMH2lTK+w/IuE7mX16xfWXzmMG8Ao0MwYy/w1NErkDIXvl0z5FxEVfc39sFBEEUNNssiHO+ByW6Qh4sJVpirpfRqtXLHWjmLsQleR/BlonVcabpSlz7rSWYGVfB9aVkEr4OywYR1L90qPXX3QO8AZEKaUfn+S7TQjQzQh7JOb3THRpCA/Lhc4G8z1DtGmbLZ/vjokE0sFjS/hKV365zh8Lp+5egZByh1Au1E6C+Uahl3YbZ3Eh2QM9MowTy4OBQjDJ3uSqhGnBu64077bML0vIYrwfFZIIUcd+aZc5aCi7mYwHHZueZV6ZS2pQNQTUSR+2TtDHQPMfkg0WmR0SXpzPUcKLwgyH25Oe/r4dLIP63wDJUcjId5S6y78FKFrXbmAjCAieKBRxbL4Xt6Vu4poE9DACjaexBHrM24XPOhXafzMFQ5P5kl+FkM7VSrGzmNygiZnzbdGycgnPtz9chd1/qS4nywWTwTb3eHyHzNoRAWEspZEI5jK2+vv7C5KeH+o931lgwhCfGLOcL5GL2C8ibXqmolbfV1WIBWsy4JhvkVzsf7I+4UoCpdtIsigLAflRZ3FOHtjVQAxWIlEEvyiTL96P6CJ8CYc29d6XVS18C5KHZQEDdww+Cvooxc9SvnK1P8ZwqFjYuBD4DJj6XjSZU0spzMYrd4yCWWd46bj8CeRK1LN64AaFmizXWkCEXeDjTpuuyByozNppclbFIcSmfkMC2NhmSoI5L6/6RNvS9GOW5f2qdiJNQmHtwTOapDBJP1dg42qVCeDpgvvSy0gR6IOnYBxnc4SK8YY4C6HZHbr90g6W9PsQLZAAGzOls7xv9Z0Sm1cZQfTSiRpwsPWvMfc6X8eB8Qyj8wwrMKtyRtFh/e6pyJG8vBVvcUFY6maS3/610b6lnzRH+jHjV4kHrCve9wdxDxYzJhAP2jNsXGfknKxoUv7nIKAiAJsh9vL0yCo5llQoWXS2Unlbpo3qqDquiVSWZbGMmRIREcnUqTA6IoJCKjn5FaBxnyf8lWrZg0VwudiuTiXCmyHHLCHao6KEJFeJsEPr0eJZO4ZAns6RpNv5aRhpU26TYlpybrZkkzbW12jV7HOi0IkL9uFMqtHgLXU/8HRrR8K6GNb0y3X9tSwrClkZ516ou1lqpDHZ0NcNnHMj3vzy82v6yu4Hc+RT/MlSfELIkvwha9Mqc3Lv6r9Yf1jZPj1zK0NERnkw5lUTblVJwLm8Si+HUC08yVjSDUAjuSYfc65AVI7UNEzPMVHb3aD4wUPyhUtsSbrXFpbP3OV7wp9eDksGdq/D+D+UrWxnnh6rqlwULdMTQzbLmDPp1y34+LO4bHyUqqjHCWUvp+Ihz5MinQwWBCPydQIrPD1tfKC38JMvekamhqbpuT8JdP25vysIUBo/TB3+ea8cmNLgeH1b1ijm0+pIJ6mWXIhJ6ZOKPqRW6A4lr7h5eKECNrpGqpBPqa0SHbYHXiwie48ihbPfkvI7imyn1v2gPf9Ku2v952ZbYwxuH+2RTWeDd6PrP5lI2lKqodHp77Y7ksJ5wTvbOCR+QtVrHeU9vrhoxf+MWD56l5W99Rq/KMvu0ZVDNMyiWYD9bVUYWLOlfZhGO8niQo9IPO54b/AV2mj5ZS+Ua6pDnseK+N7B2a7jr6E4TGxrn+apK88L35QlJbqNbW3suuQNTHj9hvtu0iWSajCAIz2uBmNyd4nEO6sOJj9oJADeX/tL7RlySTQMZBan3xnm8UZQAVerKs0GAEHCJxxAzGqr25AH0p7I+YRbouTE3Myj9PDm8jKjKlZB45OWOpaTyI+P4lK3r2uR7JKhU4isxGZQNP3t860nDycSWkH76Lr3UDETQe3ejwIzu8sP1sEmZXGR13wDIjFZjZlNVWRm5fb/iXW5mKNCSnmf6MsPp6wYhLSz91P9yMVGdcc7ebZH5ZeGzQH+IYiq9+47AEZfXgGYLCuENKTbanvR4/rQGWNcufshHjeGBVPX01dnxJhFgzoX12bdsOirK5Ws0lM68MWrr9owb6+TTS1brEexvfUSZiopvXFuEcKAOU5DSXOJGVZorBWNrDboB1L+4gbcbb1leJ76GlyE4DKR2PRYGFH6E5oYDcjAQKKweAu1UbiHsYehI74VMDQc3v1f5u30dBTYk+q95CjT73CwBnNQ+oT15ziwPfvdLaaWL2txWiIuX/ZatuC9Af5kBIePaNVPwhtF8Uqu6SsNWCjxZlGLaE+NtMd5LOsIJocysBrCBziXR7zTbpKZjj1SGNPtMN1N4HtSrnF9RSOf5D9uHrkKcvZfaqxWgVhWhPz4XJalW7Q0dFpEg2kdIK7343CzPba1ljbi0FKevCSrNnKVc346HWflTEzrOI9Bf59rcplaCd4dzKh1S/P84mx1kvh2z4/o6UcuRFr1RChB7dLzWheYvwMz9EYpddgAJEXGrsyLZjCm7rkVf+rgamTlmI4rjdN/PkQe7xxxGfgnaXvVnZX/5qd2JW6NjqJ96XRIPjBBTfR894+++aVPFv5kd/9e4zFFofBdwJBmAZGCU23bEJhUpnyoyJms+QcH0RyppbEbstn0R3hdYJ+fQgJgSdGcvfaUf706cux25FZ39jH1d6BkQBV0GI4qyI5s4zGhXF8hh2y2JhrafdlrGz/KT033mR2VkOwqiC4luaIz75XppLzhp23irhrGIG8UCEE900LsLi+6vUDoyupnAWcSXtkdY81B2gn/TWBk00t1QkyLp+4Iyb0sbF2lv5ZPmhmkpkGHEkby1i3lOnVt/dEzc+Fna1sEIp8XNoh8goPsaAjHrRsmbHwoPO73wsxSYrAVF3oCG5QpmP2MqsGZCfzITKrR6TdRtT2qxLYJjBBxmmrJM6T7mYwKkHAPK9fLlAMceNPxFon2X2bcmuMnLaMW9YQgbbBoEC2HTGI9FiK4Mi2yWuINluTTcjb2cJ5HUKm8guqTmMjmKW3z7kU9IktuE96r8viTWcHZRs2ZhukfW1U2wTWij6bpZ7QBndLzFUZXMQ6+97aaXFCi2LLl65TYNVLxvnm8z+NzkUT+mPk4qR2Hog7AZjSOiHjH34fHTbEA5J74EYYymsO8oAEZocJgA6dHDIzv5I0Z/AaVUHX5QPpkBeNcacGrbCQoozJwIhlc9TqRm/GqV/jxfZXt0UOWKIWTUxEE4ladYYeDjsIjpK4DG8iJozvcgQ+VuzyK/pGHd67DIe7iKOqABIpxhmVXMyvOvSjDa6ciccxFpKs5miNZHDb1q+/6eWqVQizd9fVvZ4Yue+OexFa7bDO1/dWGOa/NjN6mBFdqpqa19Yq/S5T/KhFajgfNHs8+0HLQZXn50rGJHYRVgGEq8MCWbTTxbg+Lc3x/p76NLp/tmofA5a1XZGpOpdYtKC63pAjT1fTomre6OHQg3DwZY0XPiwBYfEHgtjs6InhrRfIzags8Zj+az4hGMUSvPqwnfusxCQwI4Ypw12gGsdfgFkMvuK3rvexvz/IoF2f12S8/OtOwEdbLAqdMaIlxoY/bbdkcCueMDpYYiSvEt/huXS4icKF41vKizLvGiyS0gpthQ4lG/TSBQDcz8UHEKDHtRv7S02O/w9/7ctbnEp7Eu9aBG0cKvCst5Zd4WJJ1s1kmZEbjGgWNha/z1zOtBEail1Ryv5rlOcXlZYiMJBW6XZcE+7RldEqCCARWyO30yCgytMvfgTCy9LJePkghTF28QHzEnMHAguBKSo1wezvvVNR6hY3UJvjAGgA8GqaErVEZgiWOBALyS8Yk9wVpg9ib5LkqRpcOqgHN25uXxw1GBfXSKqQK0ynB74UaRhepWhUkGGO7rfaj/+8pPP4PyWsMXuvbqodRknf5lz4PgyORB2rNpkKaT1Kke18Ji/NlxtygkaQdT91gYH78Pkbmnl52B1h133vpRFbg3xD7JqTBPIRuwX8/9R9Abg0Ifeh80jLr05ZVrxr609VpUxMshYD3UZLq2Px4Nkak73PWZR5ifv76xw+/eCfwIb+Xi5p8XDWZkOoDSS8OhW3oFmX+SHk+CA8VXHHCZoWK9/M1EuchnypRU4/oKPOwOB4tGEAq8vvgBihXQVDNXOQlSfWv0wgNXoTcH1fxIZtMmkvbtElNbdXysYtiJxWnG1CLAoHFm0CBN/vQJ/4k11PjrQg4hQGJzK1Y23u1vuMbjkECwVcYTrAzGAI0IInIwARH9vtmYymmng+u+fd+POMVEKvbcQwpYDK1jVbaMxNyXr3FtX3oy0HRxKyWBl1gpgQ1zGeTaZVrbReck30VPi5sJh8gORJKsI1g4xs3SaFBOFlKxQ+CxzWU6CvJ2RyyMjWH2AK4E/4onnLDnl4G6IYyq43vRURrgT3lZ1HqAf+a3a+rxsXAlvJQ4cDF6W2fiDdXcm0vG4yBRtp91BBdKgVlozGp3hgAXTtxxQ0OayRPrgSd2IZN+7nPu2/sos5Z1NLY6RMJzDSMovjty0yPi8PhVzPgwIfPoMjk51GGO5id1SjjDZK2It8s+IVGFLevHx4/lOVyNwkz9EeCS4nkx3XhlsUMkjCs7QCRDUXPsDX+L1/++RYATMLaWm62bC+wr3NBfjtlODtq+Yx6WD9EDr4TlEz9sHhLZ2lM3clOdYM9aAcw+siXbASzWzww+5FhCv7JWv/OJaYXwS+8DBuBspfF/q5j7on9dkVHH6xJqmRVRDhMqOMAnQugYeRzFWXhzy3lNBzUM2sa30sJ461xnXUY9L8O7TWck4C2xJ+ewYtJBg6l/Fuk11hCSUDNJjQYOcKkbegHVNZtC2/PbNqlPjfpJWHa+Pu7GuUC5yzLIVQWpvqf+AvDzNbEkmBOgYZYMTX1w4uEkp0xOPo7xthwKUFNRrCypTujCJfbbvXkm4ir6ty/tOVf94700VObqQI1HYOqNIV/2O9RocxleMfBIeP9gk0ZpiG0U6CHk7Le/d6OE6riLRuT2gOa92L1IOmAtuJS0St1v/9bVTy4s7sNZ+h81d2ovKQwxdRNCm/yUbl4bnsa8Y79U7EZPoitfC8vt+Ch/p6pHn6BUuPTxlhqCNv76/MgxC2bInj9lYUtYBevK3jCCFT0uaG6Vi3wjt3QZMcJ6qTx5vnM7Pi8Wo7htYIkL6KruTcJPuwi5h5S5UeoiVjU8zzagVL9wq/hgAc09QF+u3vr/CWKymTvMc3w0/sNBKymDDfNOrise9x90+S42OSSK4CMWsfkc/zXl762Q3GcuFBS+Cgm0nwc0PYpbUHNuwA3Ct/pN8jck+wxbcZCittrz/4swgyJGkGhmScCmVFnNtpLDw9ncnrNOy3zwhFxU3F9EMlQFBk5gt6cQi7b6asM3PVn8FOHcUh+fwICpw0X70gBO6wcHHj0cfF/RYo6e+4DYKT44IFk0pblSX9E9PQ2jVZ2LIRtmMj8JiSvlOdyJHD28sA2KhgMje8g9+VM2/pdmyUU6ny+7zEopqGl1ZOSUXfyvGmqOb3u4+/puj5CSc+t4KXJ/jRpAXBppLOt6/s86IWAF/7VL9TOuziTvvAUzyoYRJnABuG2lG705FEjkGthLx4mMuzsbAFFOdqoBoIkjqqajldAw65gbBnw6Tf3ja2MjMGtoBYDTOWORdeFO8asoXLxV6OK5+iQ7CnSbQK3TYqlcUQ2nK05DstCcLeVLjic2+bMLu5xKb3NGTJ3FuAhIo8zAdNa9Bjebnlb2INOPHZodYcXlTvC9IL2xulPVjppjm4PELmsNQdRcBo319vw9XMUQkgaHDO7+QFuxK/V1+lMFydaT6nPj8omtEbssIScj3q4n7DizLhNNvUI5Pmv4syQYp/2gFj3RPpa+iWe/uCoxoGtkdMSFecE7/cjyieGOX0QnGJOEy45GOp8IC08UPX2bdGcMVLlEgr/BYnkyCVIDflhqvDhjY4pFQPHbOaFURlFSjTBgBwtDXo6BHZcEQLQanl/XiEjiEyWDvfRogGLJJEwTJ1v2hfkYAlQg//vO0n3A+bonbanYAoBVwbUaAVdbSbLOIwVXwUZICVbPcPq+0yKTnMb6y/PgtmrOqAI99StSbnBtu7d61M8vD+00m7Buuj2YC8Ai0HjPKYyA+glNW+Ybo+FC0wOWewwF3MAf3ivDWDf3LmnL9G1V48TVvoNVqrfQTfuL853ginrZjr16BZg9DXji4Yvbk0mFZ5MwbjcWQ8xmq1WeFHJQ29EtbnLt8wGEnboW1rdD99r+TVtBEHzzg07aNV6+J0nOJTdD19+yE5knnyJGQNmOkmIAewgZAXz5BTjtUMVzT5Gvn5nQaZMFIy5gs2LSZk2OzDWk3j8HO5OPPyuiu12hJ+5q6whMZpFZtiez0FqOskRMOssA1EaWZuikEKKF/nwRMbF/bu/FM5juFMmIfH1jyYlBC0OHyE5/j3Fi6knwkCcg+fWng4dIS7PXJH03PmdneH/9lZQG/FeU0VUQRTrV4fmZvWfl1+ZMxMSm2rv4730S6Pm+JD7Qy6Q3yxFrZ83QtXIWeoLj1HlrRMpzCflD9MobKMMngz4H0WJayFOSPVa9tAkjppSOeVp15WhD9MxuVctpI5z7XQrjh8aRU8XMLC1jvLWhXgtWaYB539ITH0pm07yqp0c0b44FoKvadriK3T4+gWxebhcFHUTbjWs48f4HAOYiZDMCMXuInxw7n0gNI7j49WWMgAULUMp481+GyK7LvuSHDKhGPksdeq+onqOGWJ77HKhXZxUws2GyZXS3nbnIrbxmKLKAOYdl0oh8JJGiF9ibXRn/2XWSePr1H+gUqlT2xqLvvIp6cjZ1xOweASIn31yd09kPVfCyKJ6riz6hoZMt/UTjZQgVDnuKzswWqvMsxBcKI6ZTCExUuot8i3y0BCIU195qya52D83bYsFOlBjPwEp9HLiXGlhnI6BhQgALRgmmBPuOc62WuZvmfwa0SLFaJMeOiy/suZJoQn0FOHI+Zl0MxxfTvrFG40UXnatMNXApyUjXqOROI+7tW6+9PMdVCLNbo9hsXj2PGkhdEVHQK3AXWME/iWUmjhhIK+Lulc5wNkiSShckbZewT6UI198RV90w4dJYlWAG8unq6GUhOyXR7nPrN28pMJExVpIwcgW3l9LqKcyzYp2ZcjFaISmP2B6Ow3SOn42WG1L7g1sCFCzVL2of6msV9wk56nNWGBN2ezRU1kKV+bs7kY1grJIn514nSA+BwhuC/i5+OOZeVmavyCif+19KNO1QRUi9abLMqx6izXIgrBjk+3hO20dDUWqEnZG6rULpq6vI8Xen5VIiT2GzDysmVoP/hSpdlgNixJgoi93Ax4h4mwM+QSyMs97LVIUZ2z6k22e/MoHQuI+ETDSlAvR6A5dcH+TLoxWw5A4oIjUgUO11bfchvmnt3cKOYWKSCYbuYkA+mMdOZfS6gTiS8XoxoKZvVmfqQF6hhshSPpg8gI6BOxpF7JPZ6jqn8384xiIR2PP4i4dIPuloMVEI/3Z5mzCm+n0MTVbJPqNnsqHS8o3fGqyPe0RtBFLFqUpNTwjeQyY7DNpaiJfyLCq9Z7yDypALPgchfDkoGhX0b+10P5TsH0AmcZwoZXSM4Bz9YcHU34FgJWCXze++849P6GNO5XQFL7WDAZuvMzETmlOVroAfYrVNRluTfy5CU7vVbPbsBkyW3fEEJZGkRpv++FHL0FG37wYs0YOXAGcEo7xJS+zL/4tx/N0LrZhjcsWm/9V2o+HSqwR7vrijDw7csTX8gjDHyp8yn1d6VDx5+7YZqgYlIO9FShQUYslxYwKy/OfqtGTqY2YlHbkuAZxP5MNOp84iHR7S03r7EZ0TRUH36qXc3Z2ixoSCMy0/T9OXBcnm6z90vY0ul18UvMKs2OXcEU87VKxSoxKdK4XI7gOI4Ckvtct/c+Qfv4+arrlgBewn00PhJPPKi0uWaaUDcKe/phmr6Bqtm+9wfEdsAQV2oV4yf3ap16hZNy6PsZ84eeJNYlo5Z0r1FnOy0KAnuE/Rw1SfM/Wa96VN+kHbzVbrMhGAUe4GkZeS9xApMjUC7P2NkgJxKN1YnOMdTY0DqYpP89khDf9UYmB3+a1yn3jDfH1Ps08hETKGh6sCZyfKC36RgEcW2+ERbZPtKZSt+VWn24cQBEkvg17R8qjfu77jP9g/48cZvhJJWsSzXkrVT38HlJBprrNHHVKM4zWTZX5Jb/GKzE4VCVwdM8pDwj2wBdaTtLv/up36R1tkNRP89+S0QommWPcfcLVOl9o3yfLQKP1eNDai7xf4dXFpzSlwWdiefUTPM3rZdcW9bTlfp8iwzD51w93r37DJTXSl78SZ7o5B1RH6zB6Q6gKatm3bDvUMAJ8AQM7jeUgtTWc/2wCaYZXZT0F6tDNIhUf9V65jUyhZeGwuRjR4f1knLYPRhnn9r9T9KKDxg2D9RHPs4LOlKl2f2R4ZsLAKeRdkFAnjZjWu8Hre9oOAdOXw9C1ZHce6RE3IxGFyBDPpfLsCqukxMeocktDqAGA1ZwlbwgoMZ6KEdyAB4x0n5tv52cym3apc/ovFxO4cVX9TXq01qsk+iu4rol7kVVZwi3pjIkoAUeI9aPaYGmCJSXbtnx6DQ3eaze4lA0/eU1/92hcBEZXlYKGhQpA5tBL6voRodob2hCWu3+N368A+weIVceAVawU1VjSVHMAhM/ijEm1IiYq40C1f+7eMKJMR/RO2WYIB6JfDWvSS7f+W/8dLKuP2Joib2VmJO8sHEGjzt0lEKZtYjM3zoWsjEgIXDxiawnz104LoLGIv+cIc3sASZyBfj3hBPTUcuSaT3QtW90Ej80CUUg4ThqiKbiyDo1ud9K4TscUuWlvqzJecJbDRXOcQ69kQ08GRG7SoRB6HV/G0KEtrJiE/mseC74vu9/h+Pw77lNWbnNhmKwXYTTPgEJJ7DvjyIkPdSbM2aH7wEP/n5TwPnFvRCc4lNQvRziYd5sSlYkF/466kUdSoDvSIq8LWAkyVKsNHn/FNqoqA4Pl432uB/LicfiRAAwJHVH91VTBSrnaM1iVR77nMiWp9Tv7emZCRgGW8I5crr1mRH+GR4/HquwnoQjnL87O2vkFgnbn0yNz4Z3V1fyRpKfUZcrKCfmh/hEfl4jSeq4vOyfmfmep4GVi7DGHsXHEYdxVMKfhCIN0QMLAEs7M4IqN4It/3lv9BPsAY6vohEruhMZqjfRbjWNZHxnWcEqSm5eN5rgfG7wRZy7SLGdbDGgY9XDKokAy4mCoPisizhgGHHxrOHWvHxZD80np1+Wsg6ktGKtFdwI+rRrABqFZ/AfWrTZqQZJLhUAcJaN2x5LD2yB/l60Pv+chIdwjRtjIXeiqo74KFKwvzoNs27Rekh110YS8RFOPkRZsUMcdhDfgPDnV+GES8J3x+ZffSDxFqlf4Sb7N5Cys5Hmss5wjDo7QtNwkr7zXgZdKjMpjJLoh+AcQOdhxs7drThZUct93WXLR8vspY6rnrp+B40BSrAn3KU1g96BEm2EEKsB8of59GbkEKugd1B+XC9xEUzfixMEx8nDLt3Qk/NxK9zrSMF5UoSZlCXxgpyAkuxEFwy01cIzWKls8avSYOI+t6T7GtVYYweG+LVECeWwX8nGUfQpXODU5DQumlmwCV5Jm0HWrY/lTYQ8/8Y7XsDhSQcSuh8xGOVdX55hg3orcVErTLWJGyXJVqNsRP2v7rdAwpCFwbgLdoilJjhROu6m1RlVK0+ITtCQNPO1dvqi8gFcbDkfvg/vDwjN0yBh5DWWssh5ARBlgKJc3osM9pmsRbRY6y3Z89kGoFsEPjbWr2bZSD7Z6kfz+aLrZO0aRMGqa8gA+ny4fXlyYA5pDxt5AUwJU0axO4J2WTVL/8ziDfo1CZFkBsdz0kCCVM5Zfi6e4HtZ1lLfI1+Mwp3LMzD7sSF5qijMNLFIKFWjcN0c7pxiJ+p56suAe9A1Ivb7ekOGM+xb2A2xAqpDGb5Pc3KQ4w4iOnPEkTIpxSUNniyH2UjV87bv+JflW5IPMXwRM38svsnn/Aet3ajvPOE5I9JB9zdJBReDEoyUN4h8Qlg1RaUxkd91u3Q16OblHvN9gTUCMxZd41pr5UbUN6GhrbDsari4V679D1GYMjWgi2kFe+H6TpAXeo/UA3aqczTy51Pbz2kVmeOwf4rsvnznMg3xmfBupoLdjxEe4Ml0b4L1aFl/Tg64dxbErh6aBHhVNFVwm5FcNor34IJWNv5WxVbUTfTCViwsxFjgi2iGSPmrmVBP6sJ/kpe+yE4nipwZ2AGr5OazFflaM7qOpjXMKsqzvd05geeJHBcXA2m7ceY8jzMhVFrwwvanKY1vpuVUvOGeKGNgnv3FVPmT+NTHFgdLjQhVdNtz6NM4w6LGrLfLxTujIirI1wnJihGPIMPCNTF2Vl0wONBJYA/i9oEJXQuRBh7ltKHQ1wopSCeLh/J/1aBIIIH3YMEnwjsF4GjOZRH1brR2oHsZ683xqUnlLI6Ipco3HszLeNTXxtYodzGlL59D3R/22+oSbNRy7yHhj2hdzDDdjW2b3NiuX+S5SQvFJwV3D2RI2W1ZgcFwr34rFM9pd5/SxbRiM+NO5hMPKPK/Iid6yNN5ufkYsfbQsTnzpz1tuIkb5wzbRqSo79a0XYcUT8qUMbpFph+DVX0xqX4A+D0o+YXuEdUPwjkpdhEm7gxKVN2y8aHZ458JgsWUFWrkLttnEOyTvkIftOEANViq/tzkyp8xdEqSOX+UQqKx/R7BZ/Xipq0gxbCMua+qGM+cDMFi0kNY6QlgkkABtpPpfAtPCxA2+NcRLuOfDtwK/Od6I3H/e0U5xKj2c+onBWQU3odVFzjH/YCwEFlUftDv9FU51J/wELzI5ykpc6vWq6NBrmutFFohdBrBhpHpdG5gW5lzZR4EzoGoJNf+jgCxWAWvGRBGbS7ExzWV15gHY/f+oDVJHrg+svssR8K0jWLJwyajfJ8XnCehe+5xmFHdyfmAhRKb5Og+Honr+U1ZwqtSsAaGAj6HIJoNzxXDrlfQI2Ig6CTstUcZraosc9tJcKOvRgV/nbFor+J5YMNoJEDkoq7kjjaz6uIq/dmQeXzrHgTOV7354hzNl/l2D6akLkQnIT9joPzoar5TVWkIXwS0UDpi0WbUZyME/rB9EeELBfCqhIli4Nm8vgr1MVVaehmPS0paWXlkjHb3BGT1q19+B2Ab4hrtLMoWF4fhOENx3+C40jgq1VCDjhx2utrPCpAhKh+kjRwRfjbACSTA4DDb2NJ/lCk8UUx+T2JAJN04/Z9KC4uHTlIoh+5vLHFQ91PoY4HPStXrO71gRdmcV68Y8YmOXRnxQXqNDx7nG6PWfPWcWQW524rGZSp/WEMK7/BOVKQ9Yq3h5osUSO8UFnqaZVBb2/x1PT20DjLdrbJzEKt52T2bZ3W7LaGzwGfNT0rlpV7WGeyYn/VGJrqdrgjrxRiJFJ7scwrYqs/g0Zp7YfC+kxqkPdFQzgUfQ7/tRSr3RxsYjk/5LcUaKecbG/Z/gwhYwC17Er+Zzodntc/lFNeGZiZxukly2oMaVqGwpukY1x4Qkmc9a1MxnTGwJbrEHdh7wiXxr/neUteJq+p450pIodvWwSRoRrZ/UeCqloS++u8N4mklk/4Ihu749kt8Uu1B2J35qqYtgN6ung1TUg2dAvEI+2LrYNMDvXr31rYURBtQw4qoJjYnm9/L5JcoBFseoSwVFs038Ou/3b6vPu7bSwU1al80BHzSe3zSp9PUrvShB+I5zvp6C+xFw6AmnZQdkfRo6r8o5VWcorjgcVFwEaSgtP7Fj6n9mVyE3GwoMxj9YFONWxRI2KDjRBex/hbWOo+6haeTjvtJToOekgsISLlIBBP68cL/3aUTYY3aJhNO4PY3HI9JkOPOBd+27m2vwHnZsi3fgZoKy8V5OuDBaixxddqiDNIrWXBKl2ofHdpRMObetsi/RBFcuJgeDMfDvFHeOxAnXrpPWdV0PL2JQFPTAGwX6i4QqlwEwgS8XjsihwSE+Ecp2LLxBQixITKt2qp6yVKOynBP/YnFaWrhIz1lUKm4HltwwLKB4sS3MCSQ/87uAm61aM/FiSWnqlu0VlPMiFdCWrJEJVMIfy71VmCo+KggNd9yyCcnn3KKNBH77yoGlyDsz8oPU7N6vxrgl85bj2dlictg0H6YKfNhKzfDup0VXY6krnEKNIjKnBd2yecjwuF+Y9Llb3PhrbBRHSjxQTKkuS1N+JK7xtyuL3PfXNRi0qtNRXi0zu4JEOuPHDOHvx4m2JoZ0dcvApGYPNC2asEg1s0JuLHSKVaK6OzQIoBj8weDAzFyo7Am7Zx0DBC1y0vwg/GeYLLtUznkFsWMP6W4FSyyILfpPJ51Y69kx2L0gvya2fVxN1ta3EyBgkpXb7xTNEMYXD0iJIPYUhi5xTWVpad4w7DqJURlYUIahCZ5LYeN+XcNKMPQ9SvAMPpIol2PqhnZjXjD/6F7HFumxQag6K2YW0vuExKce11S7y62c/kO9F5fPWddY1hU2bWI3D6SpxFj03ARJvaGuAVOYd4XfpzywetTNjN0fY237x/yKz6y/adhMF5u2CwtTKQ+whBVv4wyKbDC4Itv94Rc31zU77wXqtjURgbxTucLzQcPF9IXuCoxefpqe7+/Lkr8MJ6O3AaPRDDmA8B9wlOurv7s4lrqiFCVxXVx45rtgy2gJdN63kdlWjOaH4f/vDIKlWyNO9N9WoQNx8UoXMwGA8L7A9nTTLGjtFd/VdfzAoFFbWtN1ZddLwES7EJ7Ym9iMYV0Fow6u9CazdvYO/ot1AOjDakazduSnnn/plaPqZnc7E0jEbraOjdNcrsuN0Zti2nWxNDPLp16DbREauvgVneIIrSS498tPiTN4oeCdWfCsaS5kNpCgxExIZi7hGM5bPhwXdGbB88NyLJR9smG43FM/X53dqJ2aa5lmICRCtBc4moBeZl8/SkQD2A+4rmzqcY9RemJG0PgQQUhWuFaQLACMWWFUJtIBQMLv1YH7yEE+inFe9F0xpPcCmOe48ROO5ryOndNLTWAiG1WJdBNG0GaCeknu+3L/5uapF2lKgjToctebNVMbs/NDrLdNIFjebM/d7EGznIzpufN/skLgGi1H2lQFJUeUR6WKeMTkaPQVMqmtmJ+bQKPYW/Gu3XQ05QwwwWj4q6EV+KnhlabgXmZgaQ05l2rLpGY1+aozhOHUz1AseNP0fpI/b+pJWMaingakSo9XENQslAESIaF3JOj+JcLnwQs3Fqf28IHM2QXJnxugZcSGiv4aZEuGVQbNBRnHOvRq91HFuWd3suR5Bunl25gIadU2q3dZPL+d2f2Ew0FkQbMwuawDs2WzNJg15bf5jYzV7wq+hyFb0IPTDNW436tZzdfe+eanal/W+i6y6ZDDRzRMXVIHbOqEMfs/7ko4UMqVOETTMwXqtLtWl16X8QosxOvBj51cQE5XzWBFSkWrdSpI8tusKAI5C29J2nKtGWcmMLAxHFeWjs6WYTBB0I5S292SJa5XFTta9YzE7NnTcpWKavTwYfGz/Xp0uaAva30oI63t7/dYOTKHqilhk4scJl/P3Q5xodRHNAFBIUMgED1h03oNx2+c4i9X4fs5EMILYKn5//SpAi4ioENtWOi14ZfzgyxXnpq5GIbNWzluQvQPqsUHtOgruZyhfOaJFVu5b9yEK+jPXVagqEaj2/Kb2F5EG3fWZ1La8NgZuB0w1fwMh4uSwFsOq4i8S/M2/ogFhMGUxcCEG2GGfYjfW+wN9skDkQfNOntZm7gFLm9pwjOS9paHRjW5apV/i7Tu4Gms6v9vymqP+E/9Wm3YthFqyy1ZnYY6NBvEriHpMJqwFpegisCP9CVtHwiB7Ci/4hmgB4/ykZ+19gGdiegzpm8kBYEU3z8ebePOZqzCousO42R4u5JmLapNJrOYNp0wlNHq8KU/YKqG+65QmpRP6F/WH/WrnTUkgjuTGOHSvL01UC9ZrWWsJfzdoBz99o7DDzyUfWl+J3RADKsF74ViN7aZSLsXf8cQlbEjpVj83EtUlVc1kJAGbJmsigkWseSEFa22IrRWJXJZswSvC/wWjE6Tf/+ZMaR6BA+oLhDowGp1VNaXbdt4ASWsP5DgnixufZ0Qo9mhcC6Sp6wa5rRjEnsMOkcGGThTxhkbUK6rTKMrRxiS8SxqDeT18CaHUIiYVypYm2PdkzXiLhEzn4Z0BsGz9vzzlfra1e1t9YonodbylxA51LosBMcMvs0uFTxFJdRek+fqSi4b/+GVS/sRcI9k+OkgP4yyNZUGN5H4STxFNOcmp96/3p9k+aRFOtLuWUnhh/bWVSraBkt2F3zlEOkQkngkiBd624yvNWnBaPreIbKcsXMOvT76ThXqsMFLizJE8ohWFEgcc8/n8IMfcpCI3+2whCutVab+KY9pTJf/lUgH3vbhJ5u2nzC2qHszuKEh26wybv1uhzUu3DaIVdKRMG875oKte2G9ylPiamXRb2ISiHRrvVycx1vCzJdTb/pWeGmi89gyLdl9dYNgIJbV3XjsM7PJ/uR78C0uLwW8aw+u5mYgAAujBSMvd19rqJNs9ngx3bq5mXnzyCJl99tcVKP9+2evc4DOlGjekJ6TwG99VyfQ+vjIwTU2SsA8ARczqKLUCv3i29yJgVQMYL5qqjB0z8rMfLHvSTLE31QvGMKmnD4jotSqdrOHOu0z7fheiFAMEiUHDAmPAOxEbGJS4Cpu57Lk9XXfAWu7fWa4T6VQFTlXyamXoBoUJDFbpo6VBq44arBvVn25GHDy9sPBepWH0gCvWnKes9FKnC4hAabUMil1NUsoXk6sGFiURo7+6O+8bHE0kOwhWxE8R6GE2gxx4x1y4fj6DQZq10CuVfOFVTc9lKXT8CZOdtndW+6Sy0H9AhopE6LTrO6yHGuDWnKql0dhGA+nj/X3Tw0HbJtAV6M9Y6kD+XPl5mGus/yhw9H9AYKt2P8mFPp2JjvLw9twVMZ1dtP1WtDSjXssUf2fMlxyvs7kEjTNDuzKxOmfUg2+sbOVNldERyKMyuwISP+e8CaQz8Sdyzs2scjRFZF5iNbY+YAYjRNf+xr7KPB5xNfQVIFCsfNFm/Oy1KLyaZheh7s2ftluZ47RksciplM09XkiJYzzb9IENbbIvv8r6foeMXAv4BlX5Rb898TZiLWtMjI8a9jhE4ZYETKp7od5qq8Vnsk26ySeBdtgSV28Y3BQnUborqb/hL+QmUXCHr1VXMbt+w+SaHciupjjlwC7upsGME0rYbbVUK9/HTJde/yt4PZZ8XJIKrMP2C3poxjrLO6znrmRe2bAOO9Sz4QgJBzyFyPanxDoyXZgTWUOuB7xhN0sNrUfJ58ZSPDxEAk3ZnT1LR2PqTn68qbq7gUH8L+R1EpIuoZbFSYNtGd5a9+LJLq4Ru9VvvLNR7//ZCDPMd0eGSx+QGKAzYUtoFPCR74BKYZkIM6mkhF2PM8GeCyI03vOs5RBi4msuTXVI+ZwhOELLu4pNYf3lI6vIBJodIjk4wgpxaxLlNkfG5OQHg29EnT9hSXwTfsQO1rhTWdv+yDmu0/bLrkL4TP6s7wsPChervdU5Ea6Na3535XqzDqNKem9DRwPmhRhCMYZwd3kJ27dUEWisws5yYjPxLAEcXq4XZxry6VQ+PIwF7uUUcJcz2tNpV4+ZHLvXBQ6Yc58pz7JXDgKfszlnB3XK9p7vKKZEY0uUbASf3fnrAn+kLByesEa0ydRh3kToBmeubBSRmKaK8/c2CLiqmxanRrhuj2ZevUmON6HcjvrmUH9M2TuxTv1v+uZ+RaS3xhcT8n9Xs+bmC048KkCfuMsgEfDvTgbQfezw5ShRZkIJ64K/g1un2U9pPjFxHEWA7bAaDaLr1ucqqL5EmxVGJRWDQgAI9/y+fJVY82GDpam33o+OOHqrAx5LWPI5avWTp7XEFdtXVKEMQZu8jqI703ic9X5JrDzE3Da56FpUJwfUbF2LVzK8e7G+CN/1Cut7a1kNOkQjSPmujYgChG5fCwgLoa6MWRQaiiGanHPwa+7UCcZ3xt/ZxnuZoacSraHwjG6SiGr0CmGSw1dnxUQdmOdmwI+rjm48He+C/pc+uN/ryKXiUB5/kIpAH48sxD30RneKJVTSybnAR9OIZ/aa7Wk/+h5/NGOyxJByPX27br7geAbNfBMNm0fvQLPu2F5R4HsGJlYnBpbNPkxzPDHDuo7I2HGeDogC1zUx7FTjqTWGuISGjBjEmI54NzrGY3qb5Vl6W0KCGMKrU+FC+OYZNVVPJ7rlPgkkAelS7ZUzKJ51rSqHm3JSFVIU+PDa8IzXiASXrtPErwCRVoJl9c9CpXQM/3mda9NwqZR22AbKrU9fES4IbJj64Z/66vDtqOkO6ZH7LC8hmixWtqxPvwgxMU3Psm3ptznGjfy47IYHLb9oiR0+vz5X15xS/Y8calS0IDIhgfXXsa1KatHAlUW3410OBuJE5Ilg07VANLr2+pxfIogyaLhqwelSMTZUjWhhcncr3A98zAWgqU3x4kVu+7zbYafS8tTqmdkf/shSA6FDZrIRONYEk2MpKnN2QrUmklhCKjYN3U8ElAwuTUHAgQOo15abyuSmGx2Ig4Z2y4066bvd/oZ5By/DjO0dbt7n4c9nTPwH1i0q2VvtGAA39icAsfBFrjgxMfw8ONNWotqNA/7yqulMdHZi2jnw7oHZd1crk/sWcR7ODWzXymvrOwfTGbTgNtV44o109s5FDbdNVfi2XEXmk+U41SvRcDaQOCKLxRqVy/qAV6hiaMgSULBWpD7x1/YfhKvV+VA23l5a/qd2iZJTyZkLoDWXIVzFE8QvrgLdxPLVgc0p1G3zjimUiYMZNmesEisgYIUgxqye+9UpOlyZFNf4QdUUMj2lH+3H7WVQtewXzu6MEYfmjFmfVP6k6V8roA+b98M9eSVNAjz3/9cc3HSfRBCXRokm8MjB8Vt5/FH75Ua8mt97KUecIw5y5B/HtYx5MdCkGS915DwpKAMHrO9KA/JYmfw+q7DYCMwi1XcZwUBlTcUe73Xwx/dhXAeIxDiUuysPaZzPEuQzydPzVxpp9P7FgtQhqRu+IugwlxInjy7vWlaQOaK1kZLcZbg0hYcGWTLiQtiWaJ+WVGciAH8Asza5lPNdWtlHWHP2UybEcV/39GyNTXxFRSMVG4vJH1nXNorBVCHwrG9aoZgoo3K48Z6pOgScF+fa3K8KzWgvpXXNWR+zxOJ2WVTyx6P5MXTX/Y3RCdWxNUgbCikc/Yj7we54u7Cs2/mJLfQapEC0upKmJ6WMJ8nUMLHti3pCIhxUGEiNngPLVU2wsiuE4HUaYDQ/LkqWIFVoQfF6AAGmq43Ww1mffH9i2t4fFkYDmslY9kPGKdnBSggbinnkcMBe4iUDRfjgySbe2zAvcQNCiQMekIjysl8fMkS8ClP6ZqA56oEOSTk1uLmrYklQG106ojeY/X8SLMi3RLWTU5xEDgKlPqEnwZ3O3narGVFevCfWaUGQ/WSmwLHLQrlaHou6U6ywvgiLoBbs5gXB+hgePHO7SHNMRL5nicyQDLUa6dfoA6GcZSRtwty75Q1znNTvy1c82VDujggeoqDAvW2Lw7WNS7nwRZrGZROR7bi7L/0nhvC4yNkE7xHo2QL+/Xitkq1Nb8xXGE7+tCBDbCGUoSNr+s7P1CTUtlsaviDPUOseTFOk48+TUxssLsAauvcGdbvViJiArWAlIgJ9HSxhP3bLVESnSnS0KQHOwnhC5NI3zYOxtRKpQ9pZ77HXPAksfEUqWrWKxQXbUaRTI3+AL2mrdvcMf62uIvg+9VnoNcTVx41/f7cvMli9otrmJv7C9WeSN297dYDUKsAcseGTkAadqBTuwYWe3d9RayxxRC5W7BivGIOMNnWwz40YNSs0G4bmMxTlkwg7sFBmwC3Tsb459DzVgeWExcCcShCPssFvY8hOpnRAFYY98tjHKBtKJOZKx2YBuSUVXsCoQQn9CRU4G9uITueATuEEbygu0A6pth/RXmZHOCd8fg/dix5Foa6Pa+FT2dl/c3H2kqoI9uE46j1JGtTZ1U9q1LDbqaWWBYiYpjVmUwkBkGN5t26c7dQHr2mDNC1wqvVyifAqEGiAAsd4H2FEbclrd8EaCR8F5ysnNS/3v+PB0AlJPUhEBTUBbr8ulcWgZuBzgr9fv1VaaoFp23TSXoTForRHlfqCaFUpathp2zLo12HvIyqjlWhOdppneCMuz0ovv+4tT3B4gfoS3oP/gF36tTvEYJF4zq+tXxBSjRkRR2JptoxOzRz1h2ZFWTzDf+kIftJ0STirN7fKZ+43AuxR0vvrflOTI0H7KGg1eGDwzqboRRw0KL4jiBHpnekIM6LxAj9dDaJQ90e4SgXe9dT6yfzyWCJbudGv2yadR4vbnQ0qDqp7z4t7YSmd50g+P6JkTVmUmaVDtHQ2oDD3xv1llPBSIi48a7IciVNiWAFbKehKt0I3Fjp7fg9zsK+kYwxqVJIEmqxogW5wmAbAZhk3kkk20oPKO2xKKLm6qVOJrrjcJ6m8BbnegOdmuj2e7Cih/vWkths7mvrBS1qliWJbweRc3WfSHtj9TmDbWm0J82l8y4RlftV4Dogion0XhayhFjtEwU9DOtzKaOL/aCad0FEVePZhngzr09jtVfBXvltEal3mY9AYH/TEF7mpF8gh+Zg/aPb1x0djjgL541Sn/9OjPG1pJ8DqibBLsen7+BOwlBXuXAx3DK8hcianXM2rFApQf1xDxqldLi6In0bzc1US0A20gm12EFBOdnW720cTBIcMdLPpLDE9I5UPR8jDSFIPnxbEx4/5iDGOVoRM0bfqr5Qb1QkYjlgTP8AyOXP3mgquwwDoq1Vb64ew7UnJzDrppP3E5UMClmHMW9qL/6+lGksxTQ4zpA2VV3U0WSN9aoN9nuYiKdtZWkkCLXB5ppNWpzs7DUoYO5Bi0ex5iuVsukKkzTqf3+W+dt3w2CXbiHu4Verb9OGDXUlUoVAlC4siB2vPQOn3aEv1OQeu5d5Vx7p95wBk/6LtCzMtMZbn5jQ2ZRS9mDpYA2HeRv2x+CmW0sDNyzCITyl+bhoWnKBNOmTbTmpExID7erlpBFLoSdWIa+stHI65OzQws6+734PaCAnJi5IHW4QSJxleNXsD6mT720LcXsnyYZpi06HjzQ3Hspaob923P/WLwSYe/oYgmE2Weds0nEC3E1emO5paD1gS3+Xzuw6X2+OnEvNrASQSl+ry6WRyU++zB39aTze8yJIbaEyWNXhrXcAAda+gJzkXeM/9rSBXG3A2ezzucpryhsaCtVbCQnfap1dOlANm+1MFgOV02H4t70/D4GzSC6DHdX9Ga8vdGV+tW65FtT21+eY7/Oe7wlyiJfen+gJyYZOXvpDNeJv528ycZztPUEMxmKuOXVvANGx+efNiy8ov9QsOcBlUtYk07f/gt7L8aSJ1x3XBpzZwXofdqXOIA8PXb9B/fP/WBz6WYWBxPzBsbxob2peuNj6AU5Tjp1dYj9JENIpgyqztWhUeFs96HXFdiPHVPpQNAYtD4XDQdHPcQrNcjE43T3nGDhMZlKfFnSnrZ6TGZpi6rpwj2kaIjkaCoZE4mGSMSqwoKERLIPI53taff0WI/JVAOoTpimYfmJUMVXvumIjmt2pY6gLpWpHguzBMFlyDWPARZzkiBNzGAMxRQcRVTBY4jurrEN7FEIoNWbMIdE7WJZDOQ252G2H9+erLQhZ+tKDJ/SX5N3nPl8GZcEV/KoaS7bMt7w/7gg9vfr40EoUlRDpEYVqgdR1SAOmQu/4qBSxnXv0qucJOZbvcNhuNNjfQaFaAD8EWY2uPblapo//KLVgaPsZgvnRSZ8R4VrAPWkBXiCqpY7KC3tEh8O4rrB7iMhgtFRoDqLVAjR2xEF3KxXWzEkNfIAay9GigOjBsVewau/YcD1bnfhtdEbA8jp+H3FE1EPYtp29qucmWXOrzHKFyjLf/klYPZ7wAqwhul9SilrMTTOnQ4D6+6wqjVtsJXxlhhFJ67J/TcPAL9KMzJlycdmvpkfp5tk5O8/rTIPfWLOLhyVFwf/mbu70ntO4ZicT6bzHu/6rxGv+KOj5kR1IgYXTOd7KS37NA0pWD76rVLbMStQMRkqQOEZ1Y2NMyjnjp0iTuky5GSlHHS0gd+sUEJif3f0bv+yC4Ide7JHUlgQDLRRvL3tEpyw5gt5MbYZynguggkMqyxVzFuWlCWaoYenrvki2yUF7Nh4lJypDc0oLxeIRW+s916STAjAb6LcDgGg55tNkXTClnRS1h4FHBwbHYpxJkpH7hITl7ii3vIfvvNRmcoGK1i9UjwH0oZq2RwObrw8YKXJ9XVdi6ZGe8KAE7qtMtY5pA/Np9+9WSEKTSQQU6L2KHtYWtPH23KIqpjdWDDjqMUxTj+gvGs/cnzAJXFNFZ7GwC9kJMoaSfYWhn/M2HoOeIZZww+haQBbA81ZCLnTQwNGNxnNPZKtOhuwJ8yBAoz7kdxI0zKojSN6zEsLhGtByxV3Mcmsul5d2Q2VGz3o28wWTtAjbcIcayJ1Wbtayz85rwkq8mXQTuOYioRgmh+VZeHukUTY4QQS6OOfkz/1tM24gQuADY/tG2m8+TDGg1AjVlEId6mt805LPAFEiwakgmHt7feYLPj8GgzInZcJ2V4bCUTp7+3qBq97VL60QZvE69r1ojijGP3+ufH2Cwh2ZEzOFm2LydiHIhiX+vB7732A7GoDUePPmYvkbVI7oB0CG8X9ozRMZWBrUU3rrBZL4vMKSTFao1Y9b16lEJN1OstExviTIG8+QhwvdDnn8xV+IG75EXXUyU2xwzm9fQRdnKCP+tR8kL5Wrr7E6MWh0XapQMgLrPWYdL09I0cPZPLPSLI+QY6LXJtjXJr1ma5XXyRqpX1pegTfTJiuhldztKN3s0feuE0AZe357V3egRIT7lwcVSycVpRp2x1C62S4OQ2u0RUsXxbgkwQZdVXsIcEmsbP3B31tcc8SXFdkE5AREw0CMH7MQo1FMweQG2SxAorVW1nf+rkIBZogU8Cbk3DpXJ+okXh/85HbvxmXeCDXdTFLOn/EjNkqilz/G7SmMh3uWvtC6YQyRTt73Ntza2ylYjaBpXjobnEWpTAgEtp9Lc/ddZoOoSplZDw5tcOFpIGRQKFR0gQg8NTY5X8govQB4soZv+8u2JWzApglwgasnxRidQAz3rmryHxdyo7YSBr11nxCGmuLq6Zi2h8KDvXkTqe61NH/d0JFQOoO3WYQDeM5GB/tgZjzW/lM97vvaP4U7PjVpzCRiSlPpIVZdCgp7+JZPMv/o0aoHMP4igka+OsXhGQJDvsUJfP2NCdTf1090DF05B7nTPPlSQMtXwaaeWV8c9MJMGZ+ujTYz453sI/FbBcjnu7vnFx0ZxCen39emVQCKuC4EfdBb+5HqDdhcTFNu2UiGHCQ/2Gyq9+e7LuBR5XU7MPC7M8ogEJMFTnN6DsX+2SUEyKIiPGSwpGYZc3JrT0eszkKGc7tvZA3TCc5VmJP0/engdcJz1ZIbAMKG16iA7ZqHHnox5Z/SHOAHe27FslqrhZmXM3eA/R3V8VsUJhT3o0AFrPn0nIQ+j0f5YFBw6SX5slWBAsKqcnUwo1qkPeM5hgyGGwFQUOV3h/fRxgT9gs2IUGv+1ToD8jcQJuonoPsrfwLb6U0JY2810myf0iuzzWCyDIWqj2AZE+w2znJ1mbJHXDIpK1VAwGoxa+YrMV+XyAqXmB6+qtUZrEKjQr+7e9kCNw+r9hgBM5VjKsil99ksJfvX3aEiEfrP+c00HhzbSAyIawtuUZsNHHolP7Q35bxzI6GtaQA9eFNmCDpJNqC3CDWVXl3W12WsioMRidaUu2drv/RYqP9uW6BGlo8fpMBN7tmm1FB9sP+bO55YxYYGS/53kfMLcHeX2fUiiWykhQhqyUbvZl1HB8YSLAmVVacNHF6l+wZ27zHGT8/Fmx505XixC7L/W/xts8e58eQCHHQf9ova+P1a2pubrj8Kjkgm5l1dnDFNKfsk3B9rvSqYYhqIicSQ8zFNDAG4x8rPRkjmbQmRCxXoTaFy4bO1so/+yxUff76taAXdpoC9eHxrWGznFO+PJcZjJ7Eh3LVqr3EaL/VH6ETOAXWbMmBDv8cD8nndC8r8ooiT3GYYz23nNyQA5hcoWaMBC7xVbdWxY+ixGBF5RguS/saFGfGvS5h5hZmG7N3oxkUV+1d+PIzZZFOHzYYFUhfACVCb2CyUQWMD6g3fLYQznSYykSknhQnpSPsFazxmHjPI2CBMqfBuq8XHLu88caERCzB9mFMjarT805Qy/NspvErs8kzwQnWAL1JRODtz2bC+/ZsNitF/YuDvhVAgKYlrswXOwmxe3sk61z5OXM1MJx3cmO/++itF08g36iNk1gM66N9at6mzTmoibf9twfuJc99xFetjFi+MhVKHD3zVzsM9ZfPgwbGLys0noLhlZ1/uBm/OenNo1IZXGWlxZwBAOei61hfozdwVzwy9kodRQDJ1/HFqjr6CUGfofBXd6UIFjyE7g7GEbHgLyLaDnv3U3s0EoFlJbv5SAjpRrvXUfUTGwuQYz5Hf2L/0YkoUQSMDPcOkw1MvlJc36eWP8/CwxlAOkcqxO2q1BijxMz/NtDIx3Gkzjz/XCCXSAr0in64fpAhSOeDHN4FG62Mvnftmd4tRAbl6CyWaLHASa5HITOUqZ4d46AVghOX2CWt9PuW/m4RfZbew77FAnBR0TgOofXYolHP5zDjjdAewXnbqrfJ0J/RSiEsYuT+iEWzun/YmuH/2nrz783w0H6NsjwDLgiBSLMXEwCNa/DfoBb0FMSl5PpIv4J78rlfUJ2PxDl1wn10xuGcFCYav60MX/7wMsaON5+VgdbLz4vPaipDy84PTA+yv5eOjFlnf5gejvaODAADyDbqMtiCafXKU8L8+qwEQbTiG129VdlU8Li0WDOI8MCWfhUQgzt3bhprc7P2RIWDdVYA5gXcSYcv0KhCoL5UFu1XSIb/PROrh2PI7TG7Z6zqZ0cKBRwWNb7r1KNQ0yq1jfsvZPw8qjcXHt6hczhFnBwlPnM9A0t4bLvuO+i3nSPY9TSfqarxV1kIt9xgTx53DsvonOOgh0eVyrcFPdrEPOvK8tWyIj/mUuD5wSeJ9t+/rjkbDIHHih3MdCsvB83aUxW3+UhfF6c7PVGlzJkqypE8mQraiJIvz7hTat9GMRzwjFKPf++6p5gX39I7CHy18N/x4AlCoFSG5SpJfurmD02I4kWbxHbDf9Og6aWSApTZXYiJH34gDcYq3ZlKJAQoXgxIoqnwJHd6AnDKrESn/oFrxwH6s8HnJDX6pW1q6rriA/2EQC+2+VSa08ONHLvN1EUn7/47Id88x8gk6FJTOSMXjv05Km/h+l8J/87kx2SRAINFT0xkVl5IzJq163/sWwhmIKSfJZR/ACSnipf7zD9fb1b2RGw85EBFph2EVD6kLK0d4vHTX+W2yY+kbBS5aqxjHS1Bjdqpna3MxYpmrr/gPwTRIPvVAGLleLkkKVIIGK3wBUv6hpr1DJxj9c7ywIUIC7R0rMFJ0pMDQsbneqDxzxozkpRZmT83eHB6SLmmUCuwReRHchrzpr7C0MeGOnrK7f662f5WOCGuj8v0HoGgBCPHNYwUnGnHq81oNyIuGzCumBe7GgtDLXek2vJCooRrjh+oSnpPifAKjuZkpFAXZ/s2qwH8nqkuoLI75tP+qgEOjENFkivcMGjlawWBI1O0lrirrJrAgVorR9GN7kiuUYrmkIb3hzlQ8v37hAuSmolbSBoYpuPMvAZouvBGLDr6z92vALo6FooAIGlNCIVB+ZhaqBsVivydwpnbkdm4Er8k+hy0IUyM46Mmf8DDMf2BZkY7GNpzqTnA6zNQ6SgHsWBY9TNb5A0LbmMEddvsew7ttbJ3c/vp31JpHYOzufwaSlUzUZkKpZrQq85L6417KYJl3bwBr5JMwer14QTp+DNN1Kt055eWUhB8ZzEaeppKSB+UryJRnohxg/Kcx/lX1b6v55C3YZgDn/SP0OP22EqXHJxkOr3Fxtw==